<?xml version="1.0" encoding="utf-8"?>
<Project ToolsVersion="4.0" xmlns="http://schemas.microsoft.com/developer/msbuild/2003">
  <ItemGroup>
    <Filter Include="Common">
      <UniqueIdentifier>{f0fbaae1-281d-441e-80e2-0e1a943b0758}</UniqueIdentifier>
    </Filter>
    <Filter Include="Communication">
      <UniqueIdentifier>{14c80ff6-a7f9-4cfc-9aa1-61551998bdb2}</UniqueIdentifier>
    </Filter>
    <Filter Include="Device">
      <UniqueIdentifier>{3c39b6b0-4716-415d-8250-816046cefd4f}</UniqueIdentifier>
    </Filter>
    <Filter Include="Game">
      <UniqueIdentifier>{c78ce698-0768-4ddb-a835-29c185a9e31c}</UniqueIdentifier>
    </Filter>
    <Filter Include="Docs">
      <UniqueIdentifier>{dc25479a-165c-4b28-b7e8-f1b11e987963}</UniqueIdentifier>
    </Filter>
    <Filter Include="Architecture">
      <UniqueIdentifier>{12a17a49-882c-4ab9-8388-f20f8cdd65d0}</UniqueIdentifier>
    </Filter>
    <Filter Include="Web">
      <UniqueIdentifier>{e5c0706c-d201-4927-852e-9562cb89d0ff}</UniqueIdentifier>
    </Filter>
    <Filter Include="Game\Data">
      <UniqueIdentifier>{cd69c715-9f04-49be-a397-d415925251b1}</UniqueIdentifier>
    </Filter>
    <Filter Include="Communication\WebInterface">
      <UniqueIdentifier>{3f312d83-764d-4385-b896-914884a0daee}</UniqueIdentifier>
    </Filter>
    <Filter Include="Communication\WebInterface\Handler">
      <UniqueIdentifier>{31df3f44-a037-4f1e-b7bf-8b018423c96a}</UniqueIdentifier>
    </Filter>
  </ItemGroup>
  <ItemGroup>
    <ClInclude Include="__vm\.Main.vsarduino.h">
      <Filter>Common</Filter>
    </ClInclude>
    <ClInclude Include="Device\DeviceManager.h">
      <Filter>Device</Filter>
    </ClInclude>
    <ClInclude Include="Device\FailureHandler.h">
      <Filter>Device</Filter>
    </ClInclude>
    <ClInclude Include="Device\FaultHandler.h">
      <Filter>Device</Filter>
    </ClInclude>
    <ClInclude Include="Device\MapManager.h">
      <Filter>Device</Filter>
    </ClInclude>
    <ClInclude Include="Device\MemoryManager.h">
      <Filter>Device</Filter>
    </ClInclude>
    <ClInclude Include="Device\NetworkManager.h">
      <Filter>Device</Filter>
    </ClInclude>
    <ClInclude Include="Device\OutputManager.h">
      <Filter>Device</Filter>
    </ClInclude>
    <ClInclude Include="Device\StatusLED.h">
      <Filter>Device</Filter>
    </ClInclude>
    <ClInclude Include="Common\Common.h">
      <Filter>Common</Filter>
    </ClInclude>
    <ClInclude Include="Common\EspInclude.h">
      <Filter>Common</Filter>
    </ClInclude>
    <ClInclude Include="Game\BoardManager.h">
      <Filter>Game</Filter>
    </ClInclude>
    <ClInclude Include="Game\GameManager.h">
      <Filter>Game</Filter>
    </ClInclude>
    <ClInclude Include="Communication\Interface.h">
      <Filter>Communication</Filter>
    </ClInclude>
    <ClInclude Include="Communication\InterfaceManager.h">
      <Filter>Communication</Filter>
    </ClInclude>
    <ClInclude Include="Communication\SerialInterface.h">
      <Filter>Communication</Filter>
    </ClInclude>
    <ClInclude Include="Device\DevicePins.h">
      <Filter>Device</Filter>
    </ClInclude>
    <ClInclude Include="Game\PathManager.h">
      <Filter>Game</Filter>
    </ClInclude>
    <ClInclude Include="Game\SetupManager.h">
      <Filter>Game</Filter>
    </ClInclude>
    <ClInclude Include="Game\Collector.h">
      <Filter>Game</Filter>
    </ClInclude>
    <ClInclude Include="Game\GameController.h">
      <Filter>Game</Filter>
    </ClInclude>
    <ClInclude Include="Game\Settings.h">
      <Filter>Docs</Filter>
    </ClInclude>
    <ClInclude Include="Game\Data\CollectData.h">
      <Filter>Game\Data</Filter>
    </ClInclude>
    <ClInclude Include="Game\Data\GameData.h">
      <Filter>Game\Data</Filter>
    </ClInclude>
    <ClInclude Include="Game\Data\PlayerData.h">
      <Filter>Game\Data</Filter>
    </ClInclude>
    <ClInclude Include="Game\Data\SettingsData.h">
      <Filter>Game\Data</Filter>
    </ClInclude>
    <ClInclude Include="Game\Data\SetupData.h">
      <Filter>Game\Data</Filter>
    </ClInclude>
    <ClInclude Include="Game\Data\GameSector.h">
      <Filter>Game\Data</Filter>
    </ClInclude>
    <ClInclude Include="Game\Data\TicketData.h">
      <Filter>Game\Data</Filter>
    </ClInclude>
    <ClInclude Include="Game\Data\ColorData.h">
      <Filter>Game\Data</Filter>
    </ClInclude>
    <ClInclude Include="Communication\WebInterface\WebInterface.h">
      <Filter>Communication\WebInterface</Filter>
    </ClInclude>
    <ClInclude Include="Communication\WebInterface\WebServerManager.h">
      <Filter>Communication\WebInterface</Filter>
    </ClInclude>
    <ClInclude Include="Communication\WebInterface\WebHandlerSetup.h">
      <Filter>Communication\WebInterface\Handler</Filter>
    </ClInclude>
    <ClInclude Include="Communication\WebInterface\WebHandlerRunning.h">
      <Filter>Communication\WebInterface\Handler</Filter>
    </ClInclude>
    <ClInclude Include="Communication\WebInterface\WebHandlerRequestPid.h">
      <Filter>Communication\WebInterface\Handler</Filter>
    </ClInclude>
    <ClInclude Include="Communication\WebInterface\WebHandlerCollect.h">
      <Filter>Communication\WebInterface\Handler</Filter>
    </ClInclude>
    <ClInclude Include="Communication\WebInterface\WebSocketData.h">
      <Filter>Communication\WebInterface</Filter>
    </ClInclude>
    <ClInclude Include="Game\FinishManager.h">
      <Filter>Game</Filter>
    </ClInclude>
    <ClInclude Include="Device\ExecutionManager.h">
      <Filter>Device</Filter>
    </ClInclude>
    <ClInclude Include="Communication\LcdAccess.h">
      <Filter>Communication</Filter>
    </ClInclude>
    <ClInclude Include="Communication\BotInterface.h">
      <Filter>Communication</Filter>
    </ClInclude>
    <ClInclude Include="Communication\WebInterface\WebsiteConstructor.h">
      <Filter>Communication\WebInterface</Filter>
    </ClInclude>
  </ItemGroup>
  <ItemGroup>
    <None Include="Main.ino" />
    <None Include="..\Docs\SY_Rules.pdf">
      <Filter>Docs</Filter>
    </None>
    <None Include="..\Docs\Dokumentation.docx">
      <Filter>Docs</Filter>
    </None>
    <None Include="Web\collecting_phase.html">
      <Filter>Web</Filter>
    </None>
    <None Include="Web\setup_phase.html">
      <Filter>Web</Filter>
    </None>
    <None Include="Web\game_phase_detective.html">
      <Filter>Web</Filter>
    </None>
    <None Include="Web\game_phase_villian.html">
      <Filter>Web</Filter>
    </None>
  </ItemGroup>
  <ItemGroup>
    <ClCompile Include="Device\DeviceManager.cpp">
      <Filter>Device</Filter>
    </ClCompile>
    <ClCompile Include="Device\FaultHandler.cpp">
      <Filter>Device</Filter>
    </ClCompile>
    <ClCompile Include="Device\MapManager.cpp">
      <Filter>Device</Filter>
    </ClCompile>
    <ClCompile Include="Device\MemoryManager.cpp">
      <Filter>Device</Filter>
    </ClCompile>
    <ClCompile Include="Device\NetworkManager.cpp">
      <Filter>Device</Filter>
    </ClCompile>
    <ClCompile Include="Device\OutputManager.cpp">
      <Filter>Device</Filter>
    </ClCompile>
    <ClCompile Include="Device\StatusLED.cpp">
      <Filter>Device</Filter>
    </ClCompile>
    <ClCompile Include="Game\BoardManager.cpp">
      <Filter>Game</Filter>
    </ClCompile>
    <ClCompile Include="Game\GameManager.cpp">
      <Filter>Game</Filter>
    </ClCompile>
    <ClCompile Include="Communication\InterfaceManager.cpp">
      <Filter>Communication</Filter>
    </ClCompile>
    <ClCompile Include="Communication\SerialInterface.cpp">
      <Filter>Communication</Filter>
    </ClCompile>
    <ClCompile Include="Game\PathManager.cpp">
      <Filter>Game</Filter>
    </ClCompile>
    <ClCompile Include="Game\SetupManager.cpp">
      <Filter>Game</Filter>
    </ClCompile>
    <ClCompile Include="Game\Collector.cpp">
      <Filter>Game</Filter>
    </ClCompile>
    <ClCompile Include="Game\GameController.cpp">
      <Filter>Game</Filter>
    </ClCompile>
    <ClCompile Include="Device\FailureHandler.cpp">
      <Filter>Device</Filter>
    </ClCompile>
    <ClCompile Include="Communication\WebInterface\WebInterface.cpp">
      <Filter>Communication\WebInterface</Filter>
    </ClCompile>
    <ClCompile Include="Communication\WebInterface\WebServerManager.cpp">
      <Filter>Communication\WebInterface</Filter>
    </ClCompile>
    <ClCompile Include="Game\Data\ColorData.cpp">
      <Filter>Game\Data</Filter>
    </ClCompile>
    <ClCompile Include="Game\FinishManager.cpp">
      <Filter>Game</Filter>
    </ClCompile>
    <ClCompile Include="Game\Data\TicketData.cpp">
      <Filter>Game\Data</Filter>
    </ClCompile>
    <ClCompile Include="Device\ExecutionManager.cpp">
      <Filter>Device</Filter>
    </ClCompile>
    <ClCompile Include="Communication\LcdAccess.cpp">
      <Filter>Communication</Filter>
    </ClCompile>
    <ClCompile Include="Communication\BotInterface.cpp">
      <Filter>Communication</Filter>
    </ClCompile>
    <ClCompile Include="Communication\WebInterface\WebsiteConstructor.cpp">
      <Filter>Communication\WebInterface</Filter>
    </ClCompile>
  </ItemGroup>
  <ItemGroup>
    <Image Include="..\Docs\SY_Map.png">
      <Filter>Docs</Filter>
    </Image>
    <Image Include="..\Architecture\Overall_Progress.jpeg">
      <Filter>Architecture</Filter>
    </Image>
    <Image Include="..\Architecture\Game_Layer.jpeg">
      <Filter>Architecture</Filter>
    </Image>
    <Image Include="..\Architecture\Device_Layer_Detail.jpeg">
      <Filter>Architecture</Filter>
    </Image>
    <Image Include="..\Architecture\Device_Layer.jpeg">
      <Filter>Architecture</Filter>
    </Image>
    <Image Include="..\Architecture\Communication_Layer.jpeg">
      <Filter>Architecture</Filter>
    </Image>
    <Image Include="..\Architecture\Combined_Layers.jpeg">
      <Filter>Architecture</Filter>
    </Image>
    <Image Include="..\Docs\SY_Map_Splitted.jpeg">
      <Filter>Docs</Filter>
    </Image>
    <Image Include="..\Architecture\BootConcept.jpeg">
      <Filter>Architecture</Filter>
    </Image>
    <Image Include="..\Architecture\Game_Layer2.jpeg.jpg">
      <Filter>Architecture</Filter>
    </Image>
  </ItemGroup>
  <ItemGroup>
    <Text Include="board.txt" />
  </ItemGroup>
</Project>