<?xml version="1.0" encoding="utf-8"?>
<Project ToolsVersion="4.0" xmlns="http://schemas.microsoft.com/developer/msbuild/2003">
  <ItemGroup>
    <Filter Include="Common">
      <UniqueIdentifier>{f0fbaae1-281d-441e-80e2-0e1a943b0758}</UniqueIdentifier>
    </Filter>
    <Filter Include="Communication">
      <UniqueIdentifier>{14c80ff6-a7f9-4cfc-9aa1-61551998bdb2}</UniqueIdentifier>
    </Filter>
    <Filter Include="Device">
      <UniqueIdentifier>{3c39b6b0-4716-415d-8250-816046cefd4f}</UniqueIdentifier>
    </Filter>
    <Filter Include="Game">
      <UniqueIdentifier>{c78ce698-0768-4ddb-a835-29c185a9e31c}</UniqueIdentifier>
    </Filter>
  </ItemGroup>
  <ItemGroup>
    <ClInclude Include="Common.h">
      <Filter>Common</Filter>
    </ClInclude>
    <ClInclude Include="__vm\.Main.vsarduino.h">
      <Filter>Common</Filter>
    </ClInclude>
    <ClInclude Include="Device\DeviceManager.h">
      <Filter>Device</Filter>
    </ClInclude>
    <ClInclude Include="Device\FailureHandler.h">
      <Filter>Device</Filter>
    </ClInclude>
    <ClInclude Include="Device\FaultHandler.h">
      <Filter>Device</Filter>
    </ClInclude>
    <ClInclude Include="Device\MapManager.h">
      <Filter>Device</Filter>
    </ClInclude>
    <ClInclude Include="Device\MemoryManager.h">
      <Filter>Device</Filter>
    </ClInclude>
    <ClInclude Include="Device\NetworkManager.h">
      <Filter>Device</Filter>
    </ClInclude>
    <ClInclude Include="Device\OutputManager.h">
      <Filter>Device</Filter>
    </ClInclude>
    <ClInclude Include="Device\StatusLED.h">
      <Filter>Device</Filter>
    </ClInclude>
    <ClInclude Include="EspInclude.h">
      <Filter>Common</Filter>
    </ClInclude>
  </ItemGroup>
  <ItemGroup>
    <None Include="Main.ino" />
  </ItemGroup>
  <ItemGroup>
    <ClCompile Include="Device\DeviceManager.cpp">
      <Filter>Device</Filter>
    </ClCompile>
    <ClCompile Include="Device\FailureHandler.cpp">
      <Filter>Device</Filter>
    </ClCompile>
    <ClCompile Include="Device\FaultHandler.cpp">
      <Filter>Device</Filter>
    </ClCompile>
    <ClCompile Include="Device\MapManager.cpp">
      <Filter>Device</Filter>
    </ClCompile>
    <ClCompile Include="Device\MemoryManager.cpp">
      <Filter>Device</Filter>
    </ClCompile>
    <ClCompile Include="Device\NetworkManager.cpp">
      <Filter>Device</Filter>
    </ClCompile>
    <ClCompile Include="Device\OutputManager.cpp">
      <Filter>Device</Filter>
    </ClCompile>
    <ClCompile Include="Device\StatusLED.cpp">
      <Filter>Device</Filter>
    </ClCompile>
  </ItemGroup>
</Project>